// !$*UTF8*$!
{
	archiveVersion = 1;
	classes = {
	};
	objectVersion = 46;
	objects = {

/* Begin PBXBuildFile section */
		6DE75F7D1C4E6F3500BB7005 /* AppDelegate.swift in Sources */ = {isa = PBXBuildFile; fileRef = 6DE75F741C4E6F3500BB7005 /* AppDelegate.swift */; };
		6DE75F7E1C4E6F3500BB7005 /* ViewController.swift in Sources */ = {isa = PBXBuildFile; fileRef = 6DE75F751C4E6F3500BB7005 /* ViewController.swift */; };
		6DE75F7F1C4E6F3500BB7005 /* Assets.xcassets in Resources */ = {isa = PBXBuildFile; fileRef = 6DE75F781C4E6F3500BB7005 /* Assets.xcassets */; };
		6DE75F801C4E6F3500BB7005 /* Info.plist in Resources */ = {isa = PBXBuildFile; fileRef = 6DE75F791C4E6F3500BB7005 /* Info.plist */; };
		6DE75F811C4E6F3500BB7005 /* LaunchScreen.storyboard in Resources */ = {isa = PBXBuildFile; fileRef = 6DE75F7B1C4E6F3500BB7005 /* LaunchScreen.storyboard */; };
		6DE75F821C4E6F3500BB7005 /* Main.storyboard in Resources */ = {isa = PBXBuildFile; fileRef = 6DE75F7C1C4E6F3500BB7005 /* Main.storyboard */; };
		6DE75F8F1C4F04F300BB7005 /* Reachability.swift in Sources */ = {isa = PBXBuildFile; fileRef = 6DE75F8E1C4F04F300BB7005 /* Reachability.swift */; };
/* End PBXBuildFile section */

/* Begin PBXFileReference section */
		6DE75F5D1C4E6EDB00BB7005 /* DownloadingAnImage.app */ = {isa = PBXFileReference; explicitFileType = wrapper.application; includeInIndex = 0; path = DownloadingAnImage.app; sourceTree = BUILT_PRODUCTS_DIR; };
		6DE75F741C4E6F3500BB7005 /* AppDelegate.swift */ = {isa = PBXFileReference; fileEncoding = 4; lastKnownFileType = sourcecode.swift; path = AppDelegate.swift; sourceTree = "<group>"; };
		6DE75F751C4E6F3500BB7005 /* ViewController.swift */ = {isa = PBXFileReference; fileEncoding = 4; lastKnownFileType = sourcecode.swift; path = ViewController.swift; sourceTree = "<group>"; };
		6DE75F781C4E6F3500BB7005 /* Assets.xcassets */ = {isa = PBXFileReference; lastKnownFileType = folder.assetcatalog; path = Assets.xcassets; sourceTree = "<group>"; };
		6DE75F791C4E6F3500BB7005 /* Info.plist */ = {isa = PBXFileReference; fileEncoding = 4; lastKnownFileType = text.plist.xml; path = Info.plist; sourceTree = "<group>"; };
		6DE75F7B1C4E6F3500BB7005 /* LaunchScreen.storyboard */ = {isa = PBXFileReference; fileEncoding = 4; lastKnownFileType = file.storyboard; path = LaunchScreen.storyboard; sourceTree = "<group>"; };
		6DE75F7C1C4E6F3500BB7005 /* Main.storyboard */ = {isa = PBXFileReference; fileEncoding = 4; lastKnownFileType = file.storyboard; path = Main.storyboard; sourceTree = "<group>"; };
		6DE75F8E1C4F04F300BB7005 /* Reachability.swift */ = {isa = PBXFileReference; fileEncoding = 4; lastKnownFileType = sourcecode.swift; path = Reachability.swift; sourceTree = "<group>"; };
/* End PBXFileReference section */

/* Begin PBXFrameworksBuildPhase section */
		6DE75F5A1C4E6EDB00BB7005 /* Frameworks */ = {
			isa = PBXFrameworksBuildPhase;
			buildActionMask = 2147483647;
			files = (
			);
			runOnlyForDeploymentPostprocessing = 0;
		};
/* End PBXFrameworksBuildPhase section */

/* Begin PBXGroup section */
		6DE75F541C4E6EDB00BB7005 = {
			isa = PBXGroup;
			children = (
				6DE75F5F1C4E6EDB00BB7005 /* DownloadingAnImage */,
				6DE75F5E1C4E6EDB00BB7005 /* Products */,
			);
			sourceTree = "<group>";
		};
		6DE75F5E1C4E6EDB00BB7005 /* Products */ = {
			isa = PBXGroup;
			children = (
				6DE75F5D1C4E6EDB00BB7005 /* DownloadingAnImage.app */,
			);
			name = Products;
			sourceTree = "<group>";
		};
		6DE75F5F1C4E6EDB00BB7005 /* DownloadingAnImage */ = {
			isa = PBXGroup;
			children = (
				6DE75F721C4E6F3500BB7005 /* Controller */,
				6DE75F761C4E6F3500BB7005 /* Model */,
				6DE75F771C4E6F3500BB7005 /* Resources */,
				6DE75F7A1C4E6F3500BB7005 /* View */,
			);
			path = DownloadingAnImage;
			sourceTree = "<group>";
		};
		6DE75F721C4E6F3500BB7005 /* Controller */ = {
			isa = PBXGroup;
			children = (
				6DE75F731C4E6F3500BB7005 /* AppDelegate */,
				6DE75F751C4E6F3500BB7005 /* ViewController.swift */,
			);
			path = Controller;
			sourceTree = "<group>";
		};
		6DE75F731C4E6F3500BB7005 /* AppDelegate */ = {
			isa = PBXGroup;
			children = (
				6DE75F741C4E6F3500BB7005 /* AppDelegate.swift */,
			);
			path = AppDelegate;
			sourceTree = "<group>";
		};
		6DE75F761C4E6F3500BB7005 /* Model */ = {
			isa = PBXGroup;
			children = (
			);
			path = Model;
			sourceTree = "<group>";
		};
		6DE75F771C4E6F3500BB7005 /* Resources */ = {
			isa = PBXGroup;
			children = (
				6DE75F831C4EEE6900BB7005 /* Frameworks */,
				6DE75F781C4E6F3500BB7005 /* Assets.xcassets */,
				6DE75F791C4E6F3500BB7005 /* Info.plist */,
			);
			path = Resources;
			sourceTree = "<group>";
		};
		6DE75F7A1C4E6F3500BB7005 /* View */ = {
			isa = PBXGroup;
			children = (
				6DE75F7B1C4E6F3500BB7005 /* LaunchScreen.storyboard */,
				6DE75F7C1C4E6F3500BB7005 /* Main.storyboard */,
			);
			path = View;
			sourceTree = "<group>";
		};
		6DE75F831C4EEE6900BB7005 /* Frameworks */ = {
			isa = PBXGroup;
			children = (
				6DE75F8E1C4F04F300BB7005 /* Reachability.swift */,
			);
			path = Frameworks;
			sourceTree = "<group>";
		};
/* End PBXGroup section */

/* Begin PBXNativeTarget section */
		6DE75F5C1C4E6EDB00BB7005 /* DownloadingAnImage */ = {
			isa = PBXNativeTarget;
			buildConfigurationList = 6DE75F6F1C4E6EDB00BB7005 /* Build configuration list for PBXNativeTarget "DownloadingAnImage" */;
			buildPhases = (
				6DE75F591C4E6EDB00BB7005 /* Sources */,
				6DE75F5A1C4E6EDB00BB7005 /* Frameworks */,
				6DE75F5B1C4E6EDB00BB7005 /* Resources */,
			);
			buildRules = (
			);
			dependencies = (
			);
			name = DownloadingAnImage;
			productName = DownloadingAnImage;
			productReference = 6DE75F5D1C4E6EDB00BB7005 /* DownloadingAnImage.app */;
			productType = "com.apple.product-type.application";
		};
/* End PBXNativeTarget section */

/* Begin PBXProject section */
		6DE75F551C4E6EDB00BB7005 /* Project object */ = {
			isa = PBXProject;
			attributes = {
				LastSwiftMigration = 0710;
				LastSwiftUpdateCheck = 0710;
				LastUpgradeCheck = 0710;
				ORGANIZATIONNAME = "Ing. Richard J. David G.";
				TargetAttributes = {
					6DE75F5C1C4E6EDB00BB7005 = {
						CreatedOnToolsVersion = 7.1;
					};
				};
			};
			buildConfigurationList = 6DE75F581C4E6EDB00BB7005 /* Build configuration list for PBXProject "DownloadingAnImage" */;
			compatibilityVersion = "Xcode 3.2";
			developmentRegion = English;
			hasScannedForEncodings = 0;
			knownRegions = (
				en,
				Base,
			);
			mainGroup = 6DE75F541C4E6EDB00BB7005;
			productRefGroup = 6DE75F5E1C4E6EDB00BB7005 /* Products */;
			projectDirPath = "";
			projectRoot = "";
			targets = (
				6DE75F5C1C4E6EDB00BB7005 /* DownloadingAnImage */,
			);
		};
/* End PBXProject section */

/* Begin PBXResourcesBuildPhase section */
		6DE75F5B1C4E6EDB00BB7005 /* Resources */ = {
			isa = PBXResourcesBuildPhase;
			buildActionMask = 2147483647;
			files = (
				6DE75F811C4E6F3500BB7005 /* LaunchScreen.storyboard in Resources */,
				6DE75F801C4E6F3500BB7005 /* Info.plist in Resources */,
				6DE75F7F1C4E6F3500BB7005 /* Assets.xcassets in Resources */,
				6DE75F821C4E6F3500BB7005 /* Main.storyboard in Resources */,
			);
			runOnlyForDeploymentPostprocessing = 0;
		};
/* End PBXResourcesBuildPhase section */

/* Begin PBXSourcesBuildPhase section */
		6DE75F591C4E6EDB00BB7005 /* Sources */ = {
			isa = PBXSourcesBuildPhase;
			buildActionMask = 2147483647;
			files = (
				6DE75F7E1C4E6F3500BB7005 /* ViewController.swift in Sources */,
				6DE75F7D1C4E6F3500BB7005 /* AppDelegate.swift in Sources */,
				6DE75F8F1C4F04F300BB7005 /* Reachability.swift in Sources */,
			);
			runOnlyForDeploymentPostprocessing = 0;
		};
/* End PBXSourcesBuildPhase section */

/* Begin XCBuildConfiguration section */
		6DE75F6D1C4E6EDB00BB7005 /* Debug */ = {
			isa = XCBuildConfiguration;
			buildSettings = {
				ALWAYS_SEARCH_USER_PATHS = NO;
				CLANG_CXX_LANGUAGE_STANDARD = "gnu++0x";
				CLANG_CXX_LIBRARY = "libc++";
				CLANG_ENABLE_MODULES = YES;
				CLANG_ENABLE_OBJC_ARC = YES;
				CLANG_WARN_BOOL_CONVERSION = YES;
				CLANG_WARN_CONSTANT_CONVERSION = YES;
				CLANG_WARN_DIRECT_OBJC_ISA_USAGE = YES_ERROR;
				CLANG_WARN_EMPTY_BODY = YES;
				CLANG_WARN_ENUM_CONVERSION = YES;
				CLANG_WARN_INT_CONVERSION = YES;
				CLANG_WARN_OBJC_ROOT_CLASS = YES_ERROR;
				CLANG_WARN_UNREACHABLE_CODE = YES;
				CLANG_WARN__DUPLICATE_METHOD_MATCH = YES;
				"CODE_SIGN_IDENTITY[sdk=iphoneos*]" = "iPhone Developer";
				COPY_PHASE_STRIP = NO;
				DEBUG_INFORMATION_FORMAT = dwarf;
				ENABLE_STRICT_OBJC_MSGSEND = YES;
				ENABLE_TESTABILITY = YES;
				GCC_C_LANGUAGE_STANDARD = gnu99;
				GCC_DYNAMIC_NO_PIC = NO;
				GCC_NO_COMMON_BLOCKS = YES;
				GCC_OPTIMIZATION_LEVEL = 0;
				GCC_PREPROCESSOR_DEFINITIONS = (
					"DEBUG=1",
					"$(inherited)",
				);
				GCC_WARN_64_TO_32_BIT_CONVERSION = YES;
				GCC_WARN_ABOUT_RETURN_TYPE = YES_ERROR;
				GCC_WARN_UNDECLARED_SELECTOR = YES;
				GCC_WARN_UNINITIALIZED_AUTOS = YES_AGGRESSIVE;
				GCC_WARN_UNUSED_FUNCTION = YES;
				GCC_WARN_UNUSED_VARIABLE = YES;
				IPHONEOS_DEPLOYMENT_TARGET = 9.1;
				MTL_ENABLE_DEBUG_INFO = YES;
				ONLY_ACTIVE_ARCH = YES;
				SDKROOT = iphoneos;
				SWIFT_OPTIMIZATION_LEVEL = "-Onone";
			};
			name = Debug;
		};
		6DE75F6E1C4E6EDB00BB7005 /* Release */ = {
			isa = XCBuildConfiguration;
			buildSettings = {
				ALWAYS_SEARCH_USER_PATHS = NO;
				CLANG_CXX_LANGUAGE_STANDARD = "gnu++0x";
				CLANG_CXX_LIBRARY = "libc++";
				CLANG_ENABLE_MODULES = YES;
				CLANG_ENABLE_OBJC_ARC = YES;
				CLANG_WARN_BOOL_CONVERSION = YES;
				CLANG_WARN_CONSTANT_CONVERSION = YES;
				CLANG_WARN_DIRECT_OBJC_ISA_USAGE = YES_ERROR;
				CLANG_WARN_EMPTY_BODY = YES;
				CLANG_WARN_ENUM_CONVERSION = YES;
				CLANG_WARN_INT_CONVERSION = YES;
				CLANG_WARN_OBJC_ROOT_CLASS = YES_ERROR;
				CLANG_WARN_UNREACHABLE_CODE = YES;
				CLANG_WARN__DUPLICATE_METHOD_MATCH = YES;
				"CODE_SIGN_IDENTITY[sdk=iphoneos*]" = "iPhone Developer";
				COPY_PHASE_STRIP = NO;
				DEBUG_INFORMATION_FORMAT = "dwarf-with-dsym";
				ENABLE_NS_ASSERTIONS = NO;
				ENABLE_STRICT_OBJC_MSGSEND = YES;
				GCC_C_LANGUAGE_STANDARD = gnu99;
				GCC_NO_COMMON_BLOCKS = YES;
				GCC_WARN_64_TO_32_BIT_CONVERSION = YES;
				GCC_WARN_ABOUT_RETURN_TYPE = YES_ERROR;
				GCC_WARN_UNDECLARED_SELECTOR = YES;
				GCC_WARN_UNINITIALIZED_AUTOS = YES_AGGRESSIVE;
				GCC_WARN_UNUSED_FUNCTION = YES;
				GCC_WARN_UNUSED_VARIABLE = YES;
				IPHONEOS_DEPLOYMENT_TARGET = 9.1;
				MTL_ENABLE_DEBUG_INFO = NO;
				SDKROOT = iphoneos;
				VALIDATE_PRODUCT = YES;
			};
			name = Release;
		};
		6DE75F701C4E6EDB00BB7005 /* Debug */ = {
			isa = XCBuildConfiguration;
			buildSettings = {
				ASSETCATALOG_COMPILER_APPICON_NAME = AppIcon;
				CLANG_ENABLE_MODULES = YES;
				INFOPLIST_FILE = "$(SRCROOT)/DownloadingAnImage/Resources/Info.plist";
				LD_RUNPATH_SEARCH_PATHS = "$(inherited) @executable_path/Frameworks";
				PRODUCT_BUNDLE_IDENTIFIER = "ing-richardavid.DownloadingAnImage";
				PRODUCT_NAME = "$(TARGET_NAME)";
				SWIFT_OBJC_BRIDGING_HEADER = "";
				SWIFT_OPTIMIZATION_LEVEL = "-Onone";
			};
			name = Debug;
		};
		6DE75F711C4E6EDB00BB7005 /* Release */ = {
			isa = XCBuildConfiguration;
			buildSettings = {
				ASSETCATALOG_COMPILER_APPICON_NAME = AppIcon;
				CLANG_ENABLE_MODULES = YES;
				INFOPLIST_FILE = "$(SRCROOT)/DownloadingAnImage/Resources/Info.plist";
				LD_RUNPATH_SEARCH_PATHS = "$(inherited) @executable_path/Frameworks";
				PRODUCT_BUNDLE_IDENTIFIER = "ing-richardavid.DownloadingAnImage";
				PRODUCT_NAME = "$(TARGET_NAME)";
				SWIFT_OBJC_BRIDGING_HEADER = "";
			};
			name = Release;
		};
/* End XCBuildConfiguration section */

/* Begin XCConfigurationList section */
		6DE75F581C4E6EDB00BB7005 /* Build configuration list for PBXProject "DownloadingAnImage" */ = {
			isa = XCConfigurationList;
			buildConfigurations = (
				6DE75F6D1C4E6EDB00BB7005 /* Debug */,
				6DE75F6E1C4E6EDB00BB7005 /* Release */,
			);
			defaultConfigurationIsVisible = 0;
			defaultConfigurationName = Release;
		};
		6DE75F6F1C4E6EDB00BB7005 /* Build configuration list for PBXNativeTarget "DownloadingAnImage" */ = {
			isa = XCConfigurationList;
			buildConfigurations = (
				6DE75F701C4E6EDB00BB7005 /* Debug */,
				6DE75F711C4E6EDB00BB7005 /* Release */,
			);
			defaultConfigurationIsVisible = 0;
		};
/* End XCConfigurationList section */
	};
	rootObject = 6DE75F551C4E6EDB00BB7005 /* Project object */;
}
